
Microsoft Visual Studio Solution File, Format Version 12.00
# Visual Studio Version 17
VisualStudioVersion = 17.0.32112.339
MinimumVisualStudioVersion = 10.0.40219.1
Project("{2150E333-8FDC-42A3-9474-1A3956D46DE8}") = "Tests", "Tests", "{99E985E6-20DA-407E-A5F6-3EC0292A7C98}"
EndProject
Project("{2150E333-8FDC-42A3-9474-1A3956D46DE8}") = "Backend", "Backend", "{CE631FC8-2769-41CD-A304-1C7BDA70979A}"
EndProject
Project("{FAE04EC0-301F-11D3-BF4B-00C04F79EFBC}") = "FoxDen.Server", "Backend\FoxDen.Server\FoxDen.Server.csproj", "{D4E28F30-E175-4710-82C5-E92D9ACAF30F}"
EndProject
Project("{2150E333-8FDC-42A3-9474-1A3956D46DE8}") = "Plugins", "Plugins", "{F64A4132-8322-41C9-BD42-18903666CD60}"
EndProject
Global
	GlobalSection(SolutionConfigurationPlatforms) = preSolution
		Debug|Any CPU = Debug|Any CPU
		Release|Any CPU = Release|Any CPU
	EndGlobalSection
	GlobalSection(ProjectConfigurationPlatforms) = postSolution
		{D4E28F30-E175-4710-82C5-E92D9ACAF30F}.Debug|Any CPU.ActiveCfg = Debug|Any CPU
		{D4E28F30-E175-4710-82C5-E92D9ACAF30F}.Debug|Any CPU.Build.0 = Debug|Any CPU
		{D4E28F30-E175-4710-82C5-E92D9ACAF30F}.Release|Any CPU.ActiveCfg = Release|Any CPU
		{D4E28F30-E175-4710-82C5-E92D9ACAF30F}.Release|Any CPU.Build.0 = Release|Any CPU
	EndGlobalSection
	GlobalSection(SolutionProperties) = preSolution
		HideSolutionNode = FALSE
	EndGlobalSection
	GlobalSection(NestedProjects) = preSolution
		{D4E28F30-E175-4710-82C5-E92D9ACAF30F} = {CE631FC8-2769-41CD-A304-1C7BDA70979A}
		{F64A4132-8322-41C9-BD42-18903666CD60} = {CE631FC8-2769-41CD-A304-1C7BDA70979A}
	EndGlobalSection
	GlobalSection(ExtensibilityGlobals) = postSolution
		SolutionGuid = {A4B59653-6713-46B9-A75A-2CCA2FE10507}
	EndGlobalSection
EndGlobal
